// !$*UTF8*$!
{
	archiveVersion = 1;
	classes = {
	};
	objectVersion = 48;
	objects = {

/* Begin PBXBuildFile section */
		385FB17A1FBE2CA6008C5222 /* AppDelegate.swift in Sources */ = {isa = PBXBuildFile; fileRef = 385FB1791FBE2CA6008C5222 /* AppDelegate.swift */; };
		385FB17C1FBE2CA6008C5222 /* ViewController.swift in Sources */ = {isa = PBXBuildFile; fileRef = 385FB17B1FBE2CA6008C5222 /* ViewController.swift */; };
		385FB17F1FBE2CA6008C5222 /* Main.storyboard in Resources */ = {isa = PBXBuildFile; fileRef = 385FB17D1FBE2CA6008C5222 /* Main.storyboard */; };
		385FB1811FBE2CA6008C5222 /* Assets.xcassets in Resources */ = {isa = PBXBuildFile; fileRef = 385FB1801FBE2CA6008C5222 /* Assets.xcassets */; };
		385FB1841FBE2CA6008C5222 /* LaunchScreen.storyboard in Resources */ = {isa = PBXBuildFile; fileRef = 385FB1821FBE2CA6008C5222 /* LaunchScreen.storyboard */; };
/* End PBXBuildFile section */

/* Begin PBXFileReference section */
		385FB1761FBE2CA6008C5222 /* ColorPicker.app */ = {isa = PBXFileReference; explicitFileType = wrapper.application; includeInIndex = 0; path = ColorPicker.app; sourceTree = BUILT_PRODUCTS_DIR; };
		385FB1791FBE2CA6008C5222 /* AppDelegate.swift */ = {isa = PBXFileReference; lastKnownFileType = sourcecode.swift; path = AppDelegate.swift; sourceTree = "<group>"; };
		385FB17B1FBE2CA6008C5222 /* ViewController.swift */ = {isa = PBXFileReference; lastKnownFileType = sourcecode.swift; path = ViewController.swift; sourceTree = "<group>"; };
		385FB17E1FBE2CA6008C5222 /* Base */ = {isa = PBXFileReference; lastKnownFileType = file.storyboard; name = Base; path = Base.lproj/Main.storyboard; sourceTree = "<group>"; };
		385FB1801FBE2CA6008C5222 /* Assets.xcassets */ = {isa = PBXFileReference; lastKnownFileType = folder.assetcatalog; path = Assets.xcassets; sourceTree = "<group>"; };
		385FB1831FBE2CA6008C5222 /* Base */ = {isa = PBXFileReference; lastKnownFileType = file.storyboard; name = Base; path = Base.lproj/LaunchScreen.storyboard; sourceTree = "<group>"; };
		385FB1851FBE2CA6008C5222 /* Info.plist */ = {isa = PBXFileReference; lastKnownFileType = text.plist.xml; path = Info.plist; sourceTree = "<group>"; };
/* End PBXFileReference section */

/* Begin PBXFrameworksBuildPhase section */
		385FB1731FBE2CA6008C5222 /* Frameworks */ = {
			isa = PBXFrameworksBuildPhase;
			buildActionMask = 2147483647;
			files = (
			);
			runOnlyForDeploymentPostprocessing = 0;
		};
/* End PBXFrameworksBuildPhase section */

/* Begin PBXGroup section */
		385FB16D1FBE2CA6008C5222 = {
			isa = PBXGroup;
			children = (
				385FB1781FBE2CA6008C5222 /* ColorPicker */,
				385FB1771FBE2CA6008C5222 /* Products */,
			);
			sourceTree = "<group>";
		};
		385FB1771FBE2CA6008C5222 /* Products */ = {
			isa = PBXGroup;
			children = (
				385FB1761FBE2CA6008C5222 /* ColorPicker.app */,
			);
			name = Products;
			sourceTree = "<group>";
		};
		385FB1781FBE2CA6008C5222 /* ColorPicker */ = {
			isa = PBXGroup;
			children = (
				385FB1791FBE2CA6008C5222 /* AppDelegate.swift */,
				385FB17B1FBE2CA6008C5222 /* ViewController.swift */,
				385FB17D1FBE2CA6008C5222 /* Main.storyboard */,
				385FB1801FBE2CA6008C5222 /* Assets.xcassets */,
				385FB1821FBE2CA6008C5222 /* LaunchScreen.storyboard */,
				385FB1851FBE2CA6008C5222 /* Info.plist */,
			);
			path = ColorPicker;
			sourceTree = "<group>";
		};
/* End PBXGroup section */

/* Begin PBXNativeTarget section */
		385FB1751FBE2CA6008C5222 /* ColorPicker */ = {
			isa = PBXNativeTarget;
			buildConfigurationList = 385FB1881FBE2CA6008C5222 /* Build configuration list for PBXNativeTarget "ColorPicker" */;
			buildPhases = (
				385FB1721FBE2CA6008C5222 /* Sources */,
				385FB1731FBE2CA6008C5222 /* Frameworks */,
				385FB1741FBE2CA6008C5222 /* Resources */,
			);
			buildRules = (
			);
			dependencies = (
			);
			name = ColorPicker;
			productName = ColorPicker;
			productReference = 385FB1761FBE2CA6008C5222 /* ColorPicker.app */;
			productType = "com.apple.product-type.application";
		};
/* End PBXNativeTarget section */

/* Begin PBXProject section */
		385FB16E1FBE2CA6008C5222 /* Project object */ = {
			isa = PBXProject;
			attributes = {
				LastSwiftUpdateCheck = 0910;
				LastUpgradeCheck = 0910;
				ORGANIZATIONNAME = "Wade Tobin";
				TargetAttributes = {
					385FB1751FBE2CA6008C5222 = {
						CreatedOnToolsVersion = 9.1;
						ProvisioningStyle = Automatic;
					};
				};
			};
			buildConfigurationList = 385FB1711FBE2CA6008C5222 /* Build configuration list for PBXProject "ColorPicker" */;
			compatibilityVersion = "Xcode 8.0";
			developmentRegion = en;
			hasScannedForEncodings = 0;
			knownRegions = (
				en,
				Base,
			);
			mainGroup = 385FB16D1FBE2CA6008C5222;
			productRefGroup = 385FB1771FBE2CA6008C5222 /* Products */;
			projectDirPath = "";
			projectRoot = "";
			targets = (
				385FB1751FBE2CA6008C5222 /* ColorPicker */,
			);
		};
/* End PBXProject section */

/* Begin PBXResourcesBuildPhase section */
		385FB1741FBE2CA6008C5222 /* Resources */ = {
			isa = PBXResourcesBuildPhase;
			buildActionMask = 2147483647;
			files = (
				385FB1841FBE2CA6008C5222 /* LaunchScreen.storyboard in Resources */,
				385FB1811FBE2CA6008C5222 /* Assets.xcassets in Resources */,
				385FB17F1FBE2CA6008C5222 /* Main.storyboard in Resources */,
			);
			runOnlyForDeploymentPostprocessing = 0;
		};
/* End PBXResourcesBuildPhase section */

/* Begin PBXSourcesBuildPhase section */
		385FB1721FBE2CA6008C5222 /* Sources */ = {
			isa = PBXSourcesBuildPhase;
			buildActionMask = 2147483647;
			files = (
				385FB17C1FBE2CA6008C5222 /* ViewController.swift in Sources */,
				385FB17A1FBE2CA6008C5222 /* AppDelegate.swift in Sources */,
			);
			runOnlyForDeploymentPostprocessing = 0;
		};
/* End PBXSourcesBuildPhase section */

/* Begin PBXVariantGroup section */
		385FB17D1FBE2CA6008C5222 /* Main.storyboard */ = {
			isa = PBXVariantGroup;
			children = (
				385FB17E1FBE2CA6008C5222 /* Base */,
			);
			name = Main.storyboard;
			sourceTree = "<group>";
		};
		385FB1821FBE2CA6008C5222 /* LaunchScreen.storyboard */ = {
			isa = PBXVariantGroup;
			children = (
				385FB1831FBE2CA6008C5222 /* Base */,
			);
			name = LaunchScreen.storyboard;
			sourceTree = "<group>";
		};
/* End PBXVariantGroup section */

/* Begin XCBuildConfiguration section */
		385FB1861FBE2CA6008C5222 /* Debug */ = {
			isa = XCBuildConfiguration;
			buildSettings = {
				ALWAYS_SEARCH_USER_PATHS = NO;
				CLANG_ANALYZER_NONNULL = YES;
				CLANG_ANALYZER_NUMBER_OBJECT_CONVERSION = YES_AGGRESSIVE;
				CLANG_CXX_LANGUAGE_STANDARD = "gnu++14";
				CLANG_CXX_LIBRARY = "libc++";
				CLANG_ENABLE_MODULES = YES;
				CLANG_ENABLE_OBJC_ARC = YES;
				CLANG_WARN_BLOCK_CAPTURE_AUTORELEASING = YES;
				CLANG_WARN_BOOL_CONVERSION = YES;
				CLANG_WARN_COMMA = YES;
				CLANG_WARN_CONSTANT_CONVERSION = YES;
				CLANG_WARN_DIRECT_OBJC_ISA_USAGE = YES_ERROR;
				CLANG_WARN_DOCUMENTATION_COMMENTS = YES;
				CLANG_WARN_EMPTY_BODY = YES;
				CLANG_WARN_ENUM_CONVERSION = YES;
				CLANG_WARN_INFINITE_RECURSION = YES;
				CLANG_WARN_INT_CONVERSION = YES;
				CLANG_WARN_NON_LITERAL_NULL_CONVERSION = YES;
				CLANG_WARN_OBJC_LITERAL_CONVERSION = YES;
				CLANG_WARN_OBJC_ROOT_CLASS = YES_ERROR;
				CLANG_WARN_RANGE_LOOP_ANALYSIS = YES;
				CLANG_WARN_STRICT_PROTOTYPES = YES;
				CLANG_WARN_SUSPICIOUS_MOVE = YES;
				CLANG_WARN_UNGUARDED_AVAILABILITY = YES_AGGRESSIVE;
				CLANG_WARN_UNREACHABLE_CODE = YES;
				CLANG_WARN__DUPLICATE_METHOD_MATCH = YES;
				CODE_SIGN_IDENTITY = "iPhone Developer";
				COPY_PHASE_STRIP = NO;
				DEBUG_INFORMATION_FORMAT = dwarf;
				ENABLE_STRICT_OBJC_MSGSEND = YES;
				ENABLE_TESTABILITY = YES;
				GCC_C_LANGUAGE_STANDARD = gnu11;
				GCC_DYNAMIC_NO_PIC = NO;
				GCC_NO_COMMON_BLOCKS = YES;
				GCC_OPTIMIZATION_LEVEL = 0;
				GCC_PREPROCESSOR_DEFINITIONS = (
					"DEBUG=1",
					"$(inherited)",
				);
				GCC_WARN_64_TO_32_BIT_CONVERSION = YES;
				GCC_WARN_ABOUT_RETURN_TYPE = YES_ERROR;
				GCC_WARN_UNDECLARED_SELECTOR = YES;
				GCC_WARN_UNINITIALIZED_AUTOS = YES_AGGRESSIVE;
				GCC_WARN_UNUSED_FUNCTION = YES;
				GCC_WARN_UNUSED_VARIABLE = YES;
				IPHONEOS_DEPLOYMENT_TARGET = 11.1;
				MTL_ENABLE_DEBUG_INFO = YES;
				ONLY_ACTIVE_ARCH = YES;
				SDKROOT = iphoneos;
				SWIFT_ACTIVE_COMPILATION_CONDITIONS = DEBUG;
				SWIFT_OPTIMIZATION_LEVEL = "-Onone";
			};
			name = Debug;
		};
		385FB1871FBE2CA6008C5222 /* Release */ = {
			isa = XCBuildConfiguration;
			buildSettings = {
				ALWAYS_SEARCH_USER_PATHS = NO;
				CLANG_ANALYZER_NONNULL = YES;
				CLANG_ANALYZER_NUMBER_OBJECT_CONVERSION = YES_AGGRESSIVE;
				CLANG_CXX_LANGUAGE_STANDARD = "gnu++14";
				CLANG_CXX_LIBRARY = "libc++";
				CLANG_ENABLE_MODULES = YES;
				CLANG_ENABLE_OBJC_ARC = YES;
				CLANG_WARN_BLOCK_CAPTURE_AUTORELEASING = YES;
				CLANG_WARN_BOOL_CONVERSION = YES;
				CLANG_WARN_COMMA = YES;
				CLANG_WARN_CONSTANT_CONVERSION = YES;
				CLANG_WARN_DIRECT_OBJC_ISA_USAGE = YES_ERROR;
				CLANG_WARN_DOCUMENTATION_COMMENTS = YES;
				CLANG_WARN_EMPTY_BODY = YES;
				CLANG_WARN_ENUM_CONVERSION = YES;
				CLANG_WARN_INFINITE_RECURSION = YES;
				CLANG_WARN_INT_CONVERSION = YES;
				CLANG_WARN_NON_LITERAL_NULL_CONVERSION = YES;
				CLANG_WARN_OBJC_LITERAL_CONVERSION = YES;
				CLANG_WARN_OBJC_ROOT_CLASS = YES_ERROR;
				CLANG_WARN_RANGE_LOOP_ANALYSIS = YES;
				CLANG_WARN_STRICT_PROTOTYPES = YES;
				CLANG_WARN_SUSPICIOUS_MOVE = YES;
				CLANG_WARN_UNGUARDED_AVAILABILITY = YES_AGGRESSIVE;
				CLANG_WARN_UNREACHABLE_CODE = YES;
				CLANG_WARN__DUPLICATE_METHOD_MATCH = YES;
				CODE_SIGN_IDENTITY = "iPhone Developer";
				COPY_PHASE_STRIP = NO;
				DEBUG_INFORMATION_FORMAT = "dwarf-with-dsym";
				ENABLE_NS_ASSERTIONS = NO;
				ENABLE_STRICT_OBJC_MSGSEND = YES;
				GCC_C_LANGUAGE_STANDARD = gnu11;
				GCC_NO_COMMON_BLOCKS = YES;
				GCC_WARN_64_TO_32_BIT_CONVERSION = YES;
				GCC_WARN_ABOUT_RETURN_TYPE = YES_ERROR;
				GCC_WARN_UNDECLARED_SELECTOR = YES;
				GCC_WARN_UNINITIALIZED_AUTOS = YES_AGGRESSIVE;
				GCC_WARN_UNUSED_FUNCTION = YES;
				GCC_WARN_UNUSED_VARIABLE = YES;
				IPHONEOS_DEPLOYMENT_TARGET = 11.1;
				MTL_ENABLE_DEBUG_INFO = NO;
				SDKROOT = iphoneos;
				SWIFT_OPTIMIZATION_LEVEL = "-Owholemodule";
				VALIDATE_PRODUCT = YES;
			};
			name = Release;
		};
		385FB1891FBE2CA6008C5222 /* Debug */ = {
			isa = XCBuildConfiguration;
			buildSettings = {
				ASSETCATALOG_COMPILER_APPICON_NAME = AppIcon;
				CODE_SIGN_STYLE = Automatic;
				INFOPLIST_FILE = ColorPicker/Info.plist;
				LD_RUNPATH_SEARCH_PATHS = "$(inherited) @executable_path/Frameworks";
				PRODUCT_BUNDLE_IDENTIFIER = com.WadeTobin.ColorPicker;
				PRODUCT_NAME = "$(TARGET_NAME)";
				SWIFT_VERSION = 4.0;
				TARGETED_DEVICE_FAMILY = "1,2";
			};
			name = Debug;
		};
		385FB18A1FBE2CA6008C5222 /* Release */ = {
			isa = XCBuildConfiguration;
			buildSettings = {
				ASSETCATALOG_COMPILER_APPICON_NAME = AppIcon;
				CODE_SIGN_STYLE = Automatic;
				INFOPLIST_FILE = ColorPicker/Info.plist;
				LD_RUNPATH_SEARCH_PATHS = "$(inherited) @executable_path/Frameworks";
				PRODUCT_BUNDLE_IDENTIFIER = com.WadeTobin.ColorPicker;
				PRODUCT_NAME = "$(TARGET_NAME)";
				SWIFT_VERSION = 4.0;
				TARGETED_DEVICE_FAMILY = "1,2";
			};
			name = Release;
		};
/* End XCBuildConfiguration section */

/* Begin XCConfigurationList section */
		385FB1711FBE2CA6008C5222 /* Build configuration list for PBXProject "ColorPicker" */ = {
			isa = XCConfigurationList;
			buildConfigurations = (
				385FB1861FBE2CA6008C5222 /* Debug */,
				385FB1871FBE2CA6008C5222 /* Release */,
			);
			defaultConfigurationIsVisible = 0;
			defaultConfigurationName = Release;
		};
		385FB1881FBE2CA6008C5222 /* Build configuration list for PBXNativeTarget "ColorPicker" */ = {
			isa = XCConfigurationList;
			buildConfigurations = (
				385FB1891FBE2CA6008C5222 /* Debug */,
				385FB18A1FBE2CA6008C5222 /* Release */,
			);
			defaultConfigurationIsVisible = 0;
			defaultConfigurationName = Release;
		};
/* End XCConfigurationList section */
	};
	rootObject = 385FB16E1FBE2CA6008C5222 /* Project object */;
}
